
Microsoft Visual Studio Solution File, Format Version 12.00
# Visual Studio Version 17
VisualStudioVersion = 17.4.33205.214
MinimumVisualStudioVersion = 10.0.40219.1
Project("{9A19103F-16F7-4668-BE54-9A1E7A4F7556}") = "Exiled.Events", "Exiled.Events\Exiled.Events.csproj", "{1E6C4350-5067-4CE7-91DB-6420D027A4FC}"
EndProject
Project("{9A19103F-16F7-4668-BE54-9A1E7A4F7556}") = "Exiled.Loader", "Exiled.Loader\Exiled.Loader.csproj", "{1ABEC6CE-E209-4C38-AB45-2F3B7F6091CA}"
EndProject
Project("{9A19103F-16F7-4668-BE54-9A1E7A4F7556}") = "Exiled.Installer", "Exiled.Installer\Exiled.Installer.csproj", "{10A8BFEC-B9E2-4119-BB21-2CF1EA820D19}"
EndProject
Project("{9A19103F-16F7-4668-BE54-9A1E7A4F7556}") = "Exiled.Permissions", "Exiled.Permissions\Exiled.Permissions.csproj", "{4FFB9CEB-2956-4F62-88B3-6416DB8A8ED7}"
EndProject
Project("{9A19103F-16F7-4668-BE54-9A1E7A4F7556}") = "Exiled.API", "Exiled.API\Exiled.API.csproj", "{46A0AFA9-D73A-4131-93EA-0CA7B7A1A101}"
EndProject
Project("{9A19103F-16F7-4668-BE54-9A1E7A4F7556}") = "Exiled.Example", "Exiled.Example\Exiled.Example.csproj", "{4F183633-0A36-408C-A42E-6FBA48751054}"
EndProject
Project("{9A19103F-16F7-4668-BE54-9A1E7A4F7556}") = "Exiled.CustomItems", "Exiled.CustomItems\Exiled.CustomItems.csproj", "{B7FBA3C1-6182-4E96-A33B-053EDDCC4F65}"
EndProject
Project("{9A19103F-16F7-4668-BE54-9A1E7A4F7556}") = "Exiled.CreditTags", "Exiled.CreditTags\Exiled.CreditTags.csproj", "{9FEBCAEA-EB51-46D0-BC04-F74789A40079}"
EndProject
Project("{9A19103F-16F7-4668-BE54-9A1E7A4F7556}") = "Exiled.CustomRoles", "Exiled.CustomRoles\Exiled.CustomRoles.csproj", "{417C3309-8B93-4218-A1D1-D4BB7B09BE0F}"
EndProject
Project("{9A19103F-16F7-4668-BE54-9A1E7A4F7556}") = "docs", "docs\docs.csproj", "{33EEFAC8-F5A7-4E51-8FD1-C45D25268B4A}"
	ProjectSection(ProjectDependencies) = postProject
		{10A8BFEC-B9E2-4119-BB21-2CF1EA820D19} = {10A8BFEC-B9E2-4119-BB21-2CF1EA820D19}
		{1ABEC6CE-E209-4C38-AB45-2F3B7F6091CA} = {1ABEC6CE-E209-4C38-AB45-2F3B7F6091CA}
		{1E6C4350-5067-4CE7-91DB-6420D027A4FC} = {1E6C4350-5067-4CE7-91DB-6420D027A4FC}
		{417C3309-8B93-4218-A1D1-D4BB7B09BE0F} = {417C3309-8B93-4218-A1D1-D4BB7B09BE0F}
		{46A0AFA9-D73A-4131-93EA-0CA7B7A1A101} = {46A0AFA9-D73A-4131-93EA-0CA7B7A1A101}
		{4F183633-0A36-408C-A42E-6FBA48751054} = {4F183633-0A36-408C-A42E-6FBA48751054}
		{4FFB9CEB-2956-4F62-88B3-6416DB8A8ED7} = {4FFB9CEB-2956-4F62-88B3-6416DB8A8ED7}
		{9FEBCAEA-EB51-46D0-BC04-F74789A40079} = {9FEBCAEA-EB51-46D0-BC04-F74789A40079}
		{B7FBA3C1-6182-4E96-A33B-053EDDCC4F65} = {B7FBA3C1-6182-4E96-A33B-053EDDCC4F65}
	EndProjectSection
EndProject
Global
	GlobalSection(SolutionConfigurationPlatforms) = preSolution
		Debug|Any CPU = Debug|Any CPU
		Installer|Any CPU = Installer|Any CPU
		Release|Any CPU = Release|Any CPU
	EndGlobalSection
	GlobalSection(ProjectConfigurationPlatforms) = postSolution
		{1E6C4350-5067-4CE7-91DB-6420D027A4FC}.Debug|Any CPU.ActiveCfg = Debug|Any CPU
		{1E6C4350-5067-4CE7-91DB-6420D027A4FC}.Debug|Any CPU.Build.0 = Debug|Any CPU
		{1E6C4350-5067-4CE7-91DB-6420D027A4FC}.Installer|Any CPU.ActiveCfg = Installer|Any CPU
		{1E6C4350-5067-4CE7-91DB-6420D027A4FC}.Release|Any CPU.ActiveCfg = Release|Any CPU
		{1E6C4350-5067-4CE7-91DB-6420D027A4FC}.Release|Any CPU.Build.0 = Release|Any CPU
		{1ABEC6CE-E209-4C38-AB45-2F3B7F6091CA}.Debug|Any CPU.ActiveCfg = Debug|Any CPU
		{1ABEC6CE-E209-4C38-AB45-2F3B7F6091CA}.Debug|Any CPU.Build.0 = Debug|Any CPU
		{1ABEC6CE-E209-4C38-AB45-2F3B7F6091CA}.Installer|Any CPU.ActiveCfg = Installer|Any CPU
		{1ABEC6CE-E209-4C38-AB45-2F3B7F6091CA}.Release|Any CPU.ActiveCfg = Release|Any CPU
		{1ABEC6CE-E209-4C38-AB45-2F3B7F6091CA}.Release|Any CPU.Build.0 = Release|Any CPU
		{10A8BFEC-B9E2-4119-BB21-2CF1EA820D19}.Debug|Any CPU.ActiveCfg = Debug|Any CPU
		{10A8BFEC-B9E2-4119-BB21-2CF1EA820D19}.Debug|Any CPU.Build.0 = Debug|Any CPU
		{10A8BFEC-B9E2-4119-BB21-2CF1EA820D19}.Installer|Any CPU.ActiveCfg = Installer|Any CPU
		{10A8BFEC-B9E2-4119-BB21-2CF1EA820D19}.Installer|Any CPU.Build.0 = Installer|Any CPU
		{10A8BFEC-B9E2-4119-BB21-2CF1EA820D19}.Release|Any CPU.ActiveCfg = Release|Any CPU
		{10A8BFEC-B9E2-4119-BB21-2CF1EA820D19}.Release|Any CPU.Build.0 = Release|Any CPU
		{4FFB9CEB-2956-4F62-88B3-6416DB8A8ED7}.Debug|Any CPU.ActiveCfg = Debug|Any CPU
		{4FFB9CEB-2956-4F62-88B3-6416DB8A8ED7}.Debug|Any CPU.Build.0 = Debug|Any CPU
		{4FFB9CEB-2956-4F62-88B3-6416DB8A8ED7}.Installer|Any CPU.ActiveCfg = Installer|Any CPU
		{4FFB9CEB-2956-4F62-88B3-6416DB8A8ED7}.Release|Any CPU.ActiveCfg = Release|Any CPU
		{4FFB9CEB-2956-4F62-88B3-6416DB8A8ED7}.Release|Any CPU.Build.0 = Release|Any CPU
		{46A0AFA9-D73A-4131-93EA-0CA7B7A1A101}.Debug|Any CPU.ActiveCfg = Debug|Any CPU
		{46A0AFA9-D73A-4131-93EA-0CA7B7A1A101}.Debug|Any CPU.Build.0 = Debug|Any CPU
		{46A0AFA9-D73A-4131-93EA-0CA7B7A1A101}.Installer|Any CPU.ActiveCfg = Installer|Any CPU
		{46A0AFA9-D73A-4131-93EA-0CA7B7A1A101}.Release|Any CPU.ActiveCfg = Release|Any CPU
		{46A0AFA9-D73A-4131-93EA-0CA7B7A1A101}.Release|Any CPU.Build.0 = Release|Any CPU
		{4F183633-0A36-408C-A42E-6FBA48751054}.Debug|Any CPU.ActiveCfg = Debug|Any CPU
		{4F183633-0A36-408C-A42E-6FBA48751054}.Debug|Any CPU.Build.0 = Debug|Any CPU
		{4F183633-0A36-408C-A42E-6FBA48751054}.Installer|Any CPU.ActiveCfg = Installer|Any CPU
		{4F183633-0A36-408C-A42E-6FBA48751054}.Release|Any CPU.ActiveCfg = Release|Any CPU
		{4F183633-0A36-408C-A42E-6FBA48751054}.Release|Any CPU.Build.0 = Release|Any CPU
		{B7FBA3C1-6182-4E96-A33B-053EDDCC4F65}.Debug|Any CPU.ActiveCfg = Debug|Any CPU
		{B7FBA3C1-6182-4E96-A33B-053EDDCC4F65}.Debug|Any CPU.Build.0 = Debug|Any CPU
		{B7FBA3C1-6182-4E96-A33B-053EDDCC4F65}.Installer|Any CPU.ActiveCfg = Installer|Any CPU
		{B7FBA3C1-6182-4E96-A33B-053EDDCC4F65}.Release|Any CPU.ActiveCfg = Release|Any CPU
		{B7FBA3C1-6182-4E96-A33B-053EDDCC4F65}.Release|Any CPU.Build.0 = Release|Any CPU
		{9FEBCAEA-EB51-46D0-BC04-F74789A40079}.Debug|Any CPU.ActiveCfg = Debug|Any CPU
		{9FEBCAEA-EB51-46D0-BC04-F74789A40079}.Debug|Any CPU.Build.0 = Debug|Any CPU
		{9FEBCAEA-EB51-46D0-BC04-F74789A40079}.Installer|Any CPU.ActiveCfg = Installer|Any CPU
		{9FEBCAEA-EB51-46D0-BC04-F74789A40079}.Release|Any CPU.ActiveCfg = Release|Any CPU
		{9FEBCAEA-EB51-46D0-BC04-F74789A40079}.Release|Any CPU.Build.0 = Release|Any CPU
		{417C3309-8B93-4218-A1D1-D4BB7B09BE0F}.Debug|Any CPU.ActiveCfg = Debug|Any CPU
		{417C3309-8B93-4218-A1D1-D4BB7B09BE0F}.Debug|Any CPU.Build.0 = Debug|Any CPU
		{417C3309-8B93-4218-A1D1-D4BB7B09BE0F}.Installer|Any CPU.ActiveCfg = Installer|Any CPU
		{417C3309-8B93-4218-A1D1-D4BB7B09BE0F}.Release|Any CPU.ActiveCfg = Release|Any CPU
		{417C3309-8B93-4218-A1D1-D4BB7B09BE0F}.Release|Any CPU.Build.0 = Release|Any CPU
		{33EEFAC8-F5A7-4E51-8FD1-C45D25268B4A}.Debug|Any CPU.ActiveCfg = Debug|Any CPU
		{33EEFAC8-F5A7-4E51-8FD1-C45D25268B4A}.Debug|Any CPU.Build.0 = Debug|Any CPU
		{33EEFAC8-F5A7-4E51-8FD1-C45D25268B4A}.Installer|Any CPU.ActiveCfg = Debug|Any CPU
		{33EEFAC8-F5A7-4E51-8FD1-C45D25268B4A}.Installer|Any CPU.Build.0 = Debug|Any CPU
		{33EEFAC8-F5A7-4E51-8FD1-C45D25268B4A}.Release|Any CPU.ActiveCfg = Release|Any CPU
		{33EEFAC8-F5A7-4E51-8FD1-C45D25268B4A}.Release|Any CPU.Build.0 = Release|Any CPU
	EndGlobalSection
	GlobalSection(SolutionProperties) = preSolution
		HideSolutionNode = FALSE
	EndGlobalSection
	GlobalSection(ExtensibilityGlobals) = postSolution
		SolutionGuid = {68878B6E-9F53-4209-9223-150E7D276236}
	EndGlobalSection
EndGlobal
