
Microsoft Visual Studio Solution File, Format Version 12.00
# Visual Studio Version 16
VisualStudioVersion = 16.0.29709.97
MinimumVisualStudioVersion = 10.0.40219.1
Project("{FAE04EC0-301F-11D3-BF4B-00C04F79EFBC}") = "ExiledCreditTags", "ExiledCreditTags\ExiledCreditTags.csproj", "{FBB00170-404E-4797-B673-3B390186EED6}"
EndProject
Global
	GlobalSection(SolutionConfigurationPlatforms) = preSolution
		Debug|Any CPU = Debug|Any CPU
		Release|Any CPU = Release|Any CPU
	EndGlobalSection
	GlobalSection(ProjectConfigurationPlatforms) = postSolution
		{FBB00170-404E-4797-B673-3B390186EED6}.Debug|Any CPU.ActiveCfg = Release|Any CPU
		{FBB00170-404E-4797-B673-3B390186EED6}.Debug|Any CPU.Build.0 = Release|Any CPU
		{FBB00170-404E-4797-B673-3B390186EED6}.Release|Any CPU.ActiveCfg = Release|Any CPU
		{FBB00170-404E-4797-B673-3B390186EED6}.Release|Any CPU.Build.0 = Release|Any CPU
	EndGlobalSection
	GlobalSection(SolutionProperties) = preSolution
		HideSolutionNode = FALSE
	EndGlobalSection
	GlobalSection(ExtensibilityGlobals) = postSolution
		SolutionGuid = {53AA8E6C-CD66-44FF-93DD-6AD063F30571}
	EndGlobalSection
EndGlobal
